
Microsoft Visual Studio Solution File, Format Version 12.00
# Visual Studio Version 17
VisualStudioVersion = 17.1.32421.90
MinimumVisualStudioVersion = 10.0.40219.1
Project("{FAE04EC0-301F-11D3-BF4B-00C04F79EFBC}") = "ComposGH", "ComposGH\ComposGH.csproj", "{5274EA0F-5CF8-4F74-ACE6-A273F4196522}"
EndProject
Project("{FAE04EC0-301F-11D3-BF4B-00C04F79EFBC}") = "Converters", "ComposGH\Converters\Converters.csproj", "{0BF1ED34-39F9-4842-B788-31D8BEA0825E}"
EndProject
Project("{FAE04EC0-301F-11D3-BF4B-00C04F79EFBC}") = "ComposAPI", "Compos\ComposAPI.csproj", "{A9E78D60-33B5-4EA1-A779-154FB2D4A9E1}"
EndProject
Project("{9A19103F-16F7-4668-BE54-9A1E7A4F7556}") = "ComposGHTests", "ComposGHTests\ComposGHTests.csproj", "{35B5560B-87F2-4A01-A378-1CDD3A6EEEA0}"
EndProject
Project("{9A19103F-16F7-4668-BE54-9A1E7A4F7556}") = "ComposAPITests", "ComposTests\ComposAPITests.csproj", "{582B072D-04D0-4EEE-B34C-B02CFF218D1B}"
EndProject
Project("{9A19103F-16F7-4668-BE54-9A1E7A4F7556}") = "IntegrationTests", "IntegrationTests\IntegrationTests.csproj", "{98C1EAE3-9930-4816-8C2D-26B82CA2100B}"
EndProject
Global
	GlobalSection(SolutionConfigurationPlatforms) = preSolution
		Debug|x86 = Debug|x86
		Release|x86 = Release|x86
	EndGlobalSection
	GlobalSection(ProjectConfigurationPlatforms) = postSolution
		{5274EA0F-5CF8-4F74-ACE6-A273F4196522}.Debug|x86.ActiveCfg = Debug|x86
		{5274EA0F-5CF8-4F74-ACE6-A273F4196522}.Debug|x86.Build.0 = Debug|x86
		{5274EA0F-5CF8-4F74-ACE6-A273F4196522}.Release|x86.ActiveCfg = Release|x86
		{5274EA0F-5CF8-4F74-ACE6-A273F4196522}.Release|x86.Build.0 = Release|x86
		{0BF1ED34-39F9-4842-B788-31D8BEA0825E}.Debug|x86.ActiveCfg = Debug|x86
		{0BF1ED34-39F9-4842-B788-31D8BEA0825E}.Debug|x86.Build.0 = Debug|x86
		{0BF1ED34-39F9-4842-B788-31D8BEA0825E}.Release|x86.ActiveCfg = Release|x86
		{0BF1ED34-39F9-4842-B788-31D8BEA0825E}.Release|x86.Build.0 = Release|x86
		{A9E78D60-33B5-4EA1-A779-154FB2D4A9E1}.Debug|x86.ActiveCfg = Debug|x86
		{A9E78D60-33B5-4EA1-A779-154FB2D4A9E1}.Debug|x86.Build.0 = Debug|x86
		{A9E78D60-33B5-4EA1-A779-154FB2D4A9E1}.Release|x86.ActiveCfg = Release|x86
		{A9E78D60-33B5-4EA1-A779-154FB2D4A9E1}.Release|x86.Build.0 = Release|x86
		{35B5560B-87F2-4A01-A378-1CDD3A6EEEA0}.Debug|x86.ActiveCfg = Debug|x86
		{35B5560B-87F2-4A01-A378-1CDD3A6EEEA0}.Debug|x86.Build.0 = Debug|x86
		{35B5560B-87F2-4A01-A378-1CDD3A6EEEA0}.Release|x86.ActiveCfg = Release|x86
		{35B5560B-87F2-4A01-A378-1CDD3A6EEEA0}.Release|x86.Build.0 = Release|x86
		{582B072D-04D0-4EEE-B34C-B02CFF218D1B}.Debug|x86.ActiveCfg = Debug|x86
		{582B072D-04D0-4EEE-B34C-B02CFF218D1B}.Debug|x86.Build.0 = Debug|x86
		{582B072D-04D0-4EEE-B34C-B02CFF218D1B}.Release|x86.ActiveCfg = Release|x86
		{582B072D-04D0-4EEE-B34C-B02CFF218D1B}.Release|x86.Build.0 = Release|x86
		{98C1EAE3-9930-4816-8C2D-26B82CA2100B}.Debug|x86.ActiveCfg = Debug|x86
		{98C1EAE3-9930-4816-8C2D-26B82CA2100B}.Debug|x86.Build.0 = Debug|x86
		{98C1EAE3-9930-4816-8C2D-26B82CA2100B}.Release|x86.ActiveCfg = Release|x86
		{98C1EAE3-9930-4816-8C2D-26B82CA2100B}.Release|x86.Build.0 = Release|x86
	EndGlobalSection
	GlobalSection(SolutionProperties) = preSolution
		HideSolutionNode = FALSE
	EndGlobalSection
	GlobalSection(ExtensibilityGlobals) = postSolution
		SolutionGuid = {E768A763-78E9-432B-AD98-5AD0B9C6BC38}
	EndGlobalSection
EndGlobal
