
Microsoft Visual Studio Solution File, Format Version 12.00
# Visual Studio Version 17
VisualStudioVersion = 17.1.32421.90
MinimumVisualStudioVersion = 10.0.40219.1
Project("{9A19103F-16F7-4668-BE54-9A1E7A4F7556}") = "ComposGH", "ComposGH\ComposGH.csproj", "{5274EA0F-5CF8-4F74-ACE6-A273F4196522}"
EndProject
Project("{9A19103F-16F7-4668-BE54-9A1E7A4F7556}") = "ComposAPI", "Compos\ComposAPI.csproj", "{A9E78D60-33B5-4EA1-A779-154FB2D4A9E1}"
EndProject
Project("{9A19103F-16F7-4668-BE54-9A1E7A4F7556}") = "ComposGHTests", "ComposGHTests\ComposGHTests.csproj", "{35B5560B-87F2-4A01-A378-1CDD3A6EEEA0}"
EndProject
Project("{9A19103F-16F7-4668-BE54-9A1E7A4F7556}") = "ComposAPITests", "ComposTests\ComposAPITests.csproj", "{582B072D-04D0-4EEE-B34C-B02CFF218D1B}"
EndProject
Project("{9A19103F-16F7-4668-BE54-9A1E7A4F7556}") = "IntegrationTests", "IntegrationTests\IntegrationTests.csproj", "{98C1EAE3-9930-4816-8C2D-26B82CA2100B}"
EndProject
Project("{9A19103F-16F7-4668-BE54-9A1E7A4F7556}") = "ConverterTests", "ConverterTests\ConverterTests.csproj", "{F842C439-BE53-46F5-B86B-FC62700E2347}"
EndProject
Project("{9A19103F-16F7-4668-BE54-9A1E7A4F7556}") = "ComposGHConverter", "ComposGHConverter\ComposGHConverter.csproj", "{00F230FA-0D3B-4C3E-8C7D-5DBBC025F678}"
EndProject
Global
	GlobalSection(SolutionConfigurationPlatforms) = preSolution
		Debug|x64 = Debug|x64
		Release|x64 = Release|x64
	EndGlobalSection
	GlobalSection(ProjectConfigurationPlatforms) = postSolution
		{5274EA0F-5CF8-4F74-ACE6-A273F4196522}.Debug|x64.ActiveCfg = Debug|x64
		{5274EA0F-5CF8-4F74-ACE6-A273F4196522}.Debug|x64.Build.0 = Debug|x64
		{5274EA0F-5CF8-4F74-ACE6-A273F4196522}.Release|x64.ActiveCfg = Release|x64
		{5274EA0F-5CF8-4F74-ACE6-A273F4196522}.Release|x64.Build.0 = Release|x64
		{A9E78D60-33B5-4EA1-A779-154FB2D4A9E1}.Debug|x64.ActiveCfg = Debug|x64
		{A9E78D60-33B5-4EA1-A779-154FB2D4A9E1}.Debug|x64.Build.0 = Debug|x64
		{A9E78D60-33B5-4EA1-A779-154FB2D4A9E1}.Release|x64.ActiveCfg = Release|x64
		{A9E78D60-33B5-4EA1-A779-154FB2D4A9E1}.Release|x64.Build.0 = Release|x64
		{35B5560B-87F2-4A01-A378-1CDD3A6EEEA0}.Debug|x64.ActiveCfg = Debug|x64
		{35B5560B-87F2-4A01-A378-1CDD3A6EEEA0}.Debug|x64.Build.0 = Debug|x64
		{35B5560B-87F2-4A01-A378-1CDD3A6EEEA0}.Release|x64.ActiveCfg = Release|x64
		{35B5560B-87F2-4A01-A378-1CDD3A6EEEA0}.Release|x64.Build.0 = Release|x64
		{582B072D-04D0-4EEE-B34C-B02CFF218D1B}.Debug|x64.ActiveCfg = Debug|x64
		{582B072D-04D0-4EEE-B34C-B02CFF218D1B}.Debug|x64.Build.0 = Debug|x64
		{582B072D-04D0-4EEE-B34C-B02CFF218D1B}.Release|x64.ActiveCfg = Release|x64
		{582B072D-04D0-4EEE-B34C-B02CFF218D1B}.Release|x64.Build.0 = Release|x64
		{98C1EAE3-9930-4816-8C2D-26B82CA2100B}.Debug|x64.ActiveCfg = Debug|x64
		{98C1EAE3-9930-4816-8C2D-26B82CA2100B}.Debug|x64.Build.0 = Debug|x64
		{98C1EAE3-9930-4816-8C2D-26B82CA2100B}.Release|x64.ActiveCfg = Release|x64
		{98C1EAE3-9930-4816-8C2D-26B82CA2100B}.Release|x64.Build.0 = Release|x64
		{F842C439-BE53-46F5-B86B-FC62700E2347}.Debug|x64.ActiveCfg = Debug|x64
		{F842C439-BE53-46F5-B86B-FC62700E2347}.Debug|x64.Build.0 = Debug|x64
		{F842C439-BE53-46F5-B86B-FC62700E2347}.Release|x64.ActiveCfg = Release|x64
		{F842C439-BE53-46F5-B86B-FC62700E2347}.Release|x64.Build.0 = Release|x64
		{00F230FA-0D3B-4C3E-8C7D-5DBBC025F678}.Debug|x64.ActiveCfg = Debug|x64
		{00F230FA-0D3B-4C3E-8C7D-5DBBC025F678}.Debug|x64.Build.0 = Debug|x64
		{00F230FA-0D3B-4C3E-8C7D-5DBBC025F678}.Release|x64.ActiveCfg = Release|x64
		{00F230FA-0D3B-4C3E-8C7D-5DBBC025F678}.Release|x64.Build.0 = Release|x64
	EndGlobalSection
	GlobalSection(SolutionProperties) = preSolution
		HideSolutionNode = FALSE
	EndGlobalSection
	GlobalSection(ExtensibilityGlobals) = postSolution
		SolutionGuid = {E768A763-78E9-432B-AD98-5AD0B9C6BC38}
	EndGlobalSection
EndGlobal
